
Microsoft Visual Studio Solution File, Format Version 12.00
# Visual Studio 15
VisualStudioVersion = 15.0.28307.168
MinimumVisualStudioVersion = 10.0.40219.1
Project("{FAE04EC0-301F-11D3-BF4B-00C04F79EFBC}") = "DemoGitPublish", "DemoGitPublish\DemoGitPublish.csproj", "{6C5C047A-3854-447B-A9E1-16531225A2C2}"
EndProject
Global
	GlobalSection(SolutionConfigurationPlatforms) = preSolution
		Debug|Any CPU = Debug|Any CPU
		Release|Any CPU = Release|Any CPU
	EndGlobalSection
	GlobalSection(ProjectConfigurationPlatforms) = postSolution
		{6C5C047A-3854-447B-A9E1-16531225A2C2}.Debug|Any CPU.ActiveCfg = Debug|Any CPU
		{6C5C047A-3854-447B-A9E1-16531225A2C2}.Debug|Any CPU.Build.0 = Debug|Any CPU
		{6C5C047A-3854-447B-A9E1-16531225A2C2}.Release|Any CPU.ActiveCfg = Release|Any CPU
		{6C5C047A-3854-447B-A9E1-16531225A2C2}.Release|Any CPU.Build.0 = Release|Any CPU
	EndGlobalSection
	GlobalSection(SolutionProperties) = preSolution
		HideSolutionNode = FALSE
	EndGlobalSection
	GlobalSection(ExtensibilityGlobals) = postSolution
		SolutionGuid = {F336307E-1463-4016-A78C-D43C56F075FB}
	EndGlobalSection
EndGlobal
